
Microsoft Visual Studio Solution File, Format Version 12.00
# Visual Studio 15
VisualStudioVersion = 15.0.28307.757
MinimumVisualStudioVersion = 10.0.40219.1
Project("{FAE04EC0-301F-11D3-BF4B-00C04F79EFBC}") = "BlogNetCore", "BlogNetCore\BlogNetCore.csproj", "{466E74E2-BF1E-4041-A37A-519D8FCE6E60}"
EndProject
Project("{FAE04EC0-301F-11D3-BF4B-00C04F79EFBC}") = "BlogNetCore.DAL", "BlogNetCore.DAL\BlogNetCore.DAL.csproj", "{D07A3A8E-0CE5-4BEC-9FDF-84CC1E186113}"
EndProject
Project("{FAE04EC0-301F-11D3-BF4B-00C04F79EFBC}") = "BlogNetCore.Contracts", "BlogNetCore.Contracts\BlogNetCore.Contracts.csproj", "{1D7F95CC-5268-4712-84FE-602007793E50}"
EndProject
Project("{FAE04EC0-301F-11D3-BF4B-00C04F79EFBC}") = "BlogNetCore.BLL", "BlogNetCore.BLL\BlogNetCore.BLL.csproj", "{7C79854B-BE37-415D-B304-AE191DDB0E87}"
EndProject
Project("{FAE04EC0-301F-11D3-BF4B-00C04F79EFBC}") = "BlogNetCore.Shared", "BlogNetCore.Shared\BlogNetCore.Shared.csproj", "{F20213B0-1BE8-41A1-81C1-EECDEF327CE2}"
EndProject
Global
	GlobalSection(SolutionConfigurationPlatforms) = preSolution
		Debug|Any CPU = Debug|Any CPU
		Release|Any CPU = Release|Any CPU
	EndGlobalSection
	GlobalSection(ProjectConfigurationPlatforms) = postSolution
		{466E74E2-BF1E-4041-A37A-519D8FCE6E60}.Debug|Any CPU.ActiveCfg = Debug|Any CPU
		{466E74E2-BF1E-4041-A37A-519D8FCE6E60}.Debug|Any CPU.Build.0 = Debug|Any CPU
		{466E74E2-BF1E-4041-A37A-519D8FCE6E60}.Release|Any CPU.ActiveCfg = Release|Any CPU
		{466E74E2-BF1E-4041-A37A-519D8FCE6E60}.Release|Any CPU.Build.0 = Release|Any CPU
		{D07A3A8E-0CE5-4BEC-9FDF-84CC1E186113}.Debug|Any CPU.ActiveCfg = Debug|Any CPU
		{D07A3A8E-0CE5-4BEC-9FDF-84CC1E186113}.Debug|Any CPU.Build.0 = Debug|Any CPU
		{D07A3A8E-0CE5-4BEC-9FDF-84CC1E186113}.Release|Any CPU.ActiveCfg = Release|Any CPU
		{D07A3A8E-0CE5-4BEC-9FDF-84CC1E186113}.Release|Any CPU.Build.0 = Release|Any CPU
		{1D7F95CC-5268-4712-84FE-602007793E50}.Debug|Any CPU.ActiveCfg = Debug|Any CPU
		{1D7F95CC-5268-4712-84FE-602007793E50}.Debug|Any CPU.Build.0 = Debug|Any CPU
		{1D7F95CC-5268-4712-84FE-602007793E50}.Release|Any CPU.ActiveCfg = Release|Any CPU
		{1D7F95CC-5268-4712-84FE-602007793E50}.Release|Any CPU.Build.0 = Release|Any CPU
		{7C79854B-BE37-415D-B304-AE191DDB0E87}.Debug|Any CPU.ActiveCfg = Debug|Any CPU
		{7C79854B-BE37-415D-B304-AE191DDB0E87}.Debug|Any CPU.Build.0 = Debug|Any CPU
		{7C79854B-BE37-415D-B304-AE191DDB0E87}.Release|Any CPU.ActiveCfg = Release|Any CPU
		{7C79854B-BE37-415D-B304-AE191DDB0E87}.Release|Any CPU.Build.0 = Release|Any CPU
		{F20213B0-1BE8-41A1-81C1-EECDEF327CE2}.Debug|Any CPU.ActiveCfg = Debug|Any CPU
		{F20213B0-1BE8-41A1-81C1-EECDEF327CE2}.Debug|Any CPU.Build.0 = Debug|Any CPU
		{F20213B0-1BE8-41A1-81C1-EECDEF327CE2}.Release|Any CPU.ActiveCfg = Release|Any CPU
		{F20213B0-1BE8-41A1-81C1-EECDEF327CE2}.Release|Any CPU.Build.0 = Release|Any CPU
	EndGlobalSection
	GlobalSection(SolutionProperties) = preSolution
		HideSolutionNode = FALSE
	EndGlobalSection
	GlobalSection(ExtensibilityGlobals) = postSolution
		SolutionGuid = {99FCCA68-3CF0-4243-97FB-122C82F21D4C}
	EndGlobalSection
EndGlobal
